// !$*UTF8*$!
{
	archiveVersion = 1;
	classes = {
	};
	objectVersion = 46;
	objects = {

/* Begin PBXBuildFile section */
		3FA9809A1929719000795CB9 /* Foundation.framework in Frameworks */ = {isa = PBXBuildFile; fileRef = 3FA980991929719000795CB9 /* Foundation.framework */; };
		3FA9809C1929719000795CB9 /* CoreGraphics.framework in Frameworks */ = {isa = PBXBuildFile; fileRef = 3FA9809B1929719000795CB9 /* CoreGraphics.framework */; };
		3FA9809E1929719000795CB9 /* UIKit.framework in Frameworks */ = {isa = PBXBuildFile; fileRef = 3FA9809D1929719000795CB9 /* UIKit.framework */; };
		3FA980A41929719000795CB9 /* InfoPlist.strings in Resources */ = {isa = PBXBuildFile; fileRef = 3FA980A21929719000795CB9 /* InfoPlist.strings */; };
		3FA980A61929719000795CB9 /* main.m in Sources */ = {isa = PBXBuildFile; fileRef = 3FA980A51929719000795CB9 /* main.m */; };
		3FA980AA1929719000795CB9 /* TOTIPAppDelegate.m in Sources */ = {isa = PBXBuildFile; fileRef = 3FA980A91929719000795CB9 /* TOTIPAppDelegate.m */; };
		3FA980AC1929719000795CB9 /* Images.xcassets in Resources */ = {isa = PBXBuildFile; fileRef = 3FA980AB1929719000795CB9 /* Images.xcassets */; };
		3FA980EF192973F100795CB9 /* AFHTTPRequestOperation.m in Sources */ = {isa = PBXBuildFile; fileRef = 3FA980CB192973F100795CB9 /* AFHTTPRequestOperation.m */; };
		3FA980F0192973F100795CB9 /* AFHTTPRequestOperationManager.m in Sources */ = {isa = PBXBuildFile; fileRef = 3FA980CD192973F100795CB9 /* AFHTTPRequestOperationManager.m */; };
		3FA980F1192973F100795CB9 /* AFHTTPSessionManager.m in Sources */ = {isa = PBXBuildFile; fileRef = 3FA980CF192973F100795CB9 /* AFHTTPSessionManager.m */; };
		3FA980F2192973F100795CB9 /* AFNetworkReachabilityManager.m in Sources */ = {isa = PBXBuildFile; fileRef = 3FA980D2192973F100795CB9 /* AFNetworkReachabilityManager.m */; };
		3FA980F3192973F100795CB9 /* AFSecurityPolicy.m in Sources */ = {isa = PBXBuildFile; fileRef = 3FA980D4192973F100795CB9 /* AFSecurityPolicy.m */; };
		3FA980F4192973F100795CB9 /* AFURLConnectionOperation.m in Sources */ = {isa = PBXBuildFile; fileRef = 3FA980D6192973F100795CB9 /* AFURLConnectionOperation.m */; };
		3FA980F5192973F100795CB9 /* AFURLRequestSerialization.m in Sources */ = {isa = PBXBuildFile; fileRef = 3FA980D8192973F100795CB9 /* AFURLRequestSerialization.m */; };
		3FA980F6192973F100795CB9 /* AFURLResponseSerialization.m in Sources */ = {isa = PBXBuildFile; fileRef = 3FA980DA192973F100795CB9 /* AFURLResponseSerialization.m */; };
		3FA980F7192973F100795CB9 /* AFURLSessionManager.m in Sources */ = {isa = PBXBuildFile; fileRef = 3FA980DC192973F100795CB9 /* AFURLSessionManager.m */; };
		3FA980F8192973F100795CB9 /* AFNetworkActivityIndicatorManager.m in Sources */ = {isa = PBXBuildFile; fileRef = 3FA980DF192973F100795CB9 /* AFNetworkActivityIndicatorManager.m */; };
		3FA980F9192973F100795CB9 /* UIActivityIndicatorView+AFNetworking.m in Sources */ = {isa = PBXBuildFile; fileRef = 3FA980E1192973F100795CB9 /* UIActivityIndicatorView+AFNetworking.m */; };
		3FA980FA192973F100795CB9 /* UIAlertView+AFNetworking.m in Sources */ = {isa = PBXBuildFile; fileRef = 3FA980E3192973F100795CB9 /* UIAlertView+AFNetworking.m */; };
		3FA980FB192973F100795CB9 /* UIButton+AFNetworking.m in Sources */ = {isa = PBXBuildFile; fileRef = 3FA980E5192973F100795CB9 /* UIButton+AFNetworking.m */; };
		3FA980FC192973F100795CB9 /* UIImageView+AFNetworking.m in Sources */ = {isa = PBXBuildFile; fileRef = 3FA980E7192973F100795CB9 /* UIImageView+AFNetworking.m */; };
		3FA980FD192973F100795CB9 /* UIProgressView+AFNetworking.m in Sources */ = {isa = PBXBuildFile; fileRef = 3FA980EA192973F100795CB9 /* UIProgressView+AFNetworking.m */; };
		3FA980FE192973F100795CB9 /* UIRefreshControl+AFNetworking.m in Sources */ = {isa = PBXBuildFile; fileRef = 3FA980EC192973F100795CB9 /* UIRefreshControl+AFNetworking.m */; };
		3FA980FF192973F100795CB9 /* UIWebView+AFNetworking.m in Sources */ = {isa = PBXBuildFile; fileRef = 3FA980EE192973F100795CB9 /* UIWebView+AFNetworking.m */; };
		3FA981011929744F00795CB9 /* MobileCoreServices.framework in Frameworks */ = {isa = PBXBuildFile; fileRef = 3FA981001929744F00795CB9 /* MobileCoreServices.framework */; };
		3FA981031929745400795CB9 /* Security.framework in Frameworks */ = {isa = PBXBuildFile; fileRef = 3FA981021929745400795CB9 /* Security.framework */; };
		3FA981051929745900795CB9 /* SystemConfiguration.framework in Frameworks */ = {isa = PBXBuildFile; fileRef = 3FA981041929745900795CB9 /* SystemConfiguration.framework */; };
		3FA981141929756E00795CB9 /* TOTIPQuery.m in Sources */ = {isa = PBXBuildFile; fileRef = 3FA981131929756E00795CB9 /* TOTIPQuery.m */; };
		3FA9811D192989F500795CB9 /* TOTIPJSONMappedObject.m in Sources */ = {isa = PBXBuildFile; fileRef = 3FA9811C192989F500795CB9 /* TOTIPJSONMappedObject.m */; };
		3FA9812019298AF900795CB9 /* TOTIPCountry.m in Sources */ = {isa = PBXBuildFile; fileRef = 3FA9811F19298AF900795CB9 /* TOTIPCountry.m */; };
		3FA9812319298D7100795CB9 /* TOTIPMediaType.m in Sources */ = {isa = PBXBuildFile; fileRef = 3FA9812219298D7100795CB9 /* TOTIPMediaType.m */; };
		3FA981261929CB8400795CB9 /* libxml2.dylib in Frameworks */ = {isa = PBXBuildFile; fileRef = 3FA981061929749C00795CB9 /* libxml2.dylib */; };
		3FA981291929CFE900795CB9 /* TOTIPEntry.m in Sources */ = {isa = PBXBuildFile; fileRef = 3FA981281929CFE900795CB9 /* TOTIPEntry.m */; };
		3FDA00B6192AF91A0009D882 /* TOTIPOptionsViewController.m in Sources */ = {isa = PBXBuildFile; fileRef = 3FDA00B5192AF91A0009D882 /* TOTIPOptionsViewController.m */; };
		3FDA00B9192AFEC00009D882 /* TOTIPQueryBuilderViewController.m in Sources */ = {isa = PBXBuildFile; fileRef = 3FDA00B8192AFEC00009D882 /* TOTIPQueryBuilderViewController.m */; };
		3FDA00BC192B0D860009D882 /* TOTIPOptionsSummaryViewController.m in Sources */ = {isa = PBXBuildFile; fileRef = 3FDA00BB192B0D860009D882 /* TOTIPOptionsSummaryViewController.m */; };
		3FDA00C0192B1C100009D882 /* TOTIPListViewController.m in Sources */ = {isa = PBXBuildFile; fileRef = 3FDA00BF192B1C100009D882 /* TOTIPListViewController.m */; };
/* End PBXBuildFile section */

/* Begin PBXFileReference section */
		3FA980961929719000795CB9 /* TOTIP.app */ = {isa = PBXFileReference; explicitFileType = wrapper.application; includeInIndex = 0; path = TOTIP.app; sourceTree = BUILT_PRODUCTS_DIR; };
		3FA980991929719000795CB9 /* Foundation.framework */ = {isa = PBXFileReference; lastKnownFileType = wrapper.framework; name = Foundation.framework; path = System/Library/Frameworks/Foundation.framework; sourceTree = SDKROOT; };
		3FA9809B1929719000795CB9 /* CoreGraphics.framework */ = {isa = PBXFileReference; lastKnownFileType = wrapper.framework; name = CoreGraphics.framework; path = System/Library/Frameworks/CoreGraphics.framework; sourceTree = SDKROOT; };
		3FA9809D1929719000795CB9 /* UIKit.framework */ = {isa = PBXFileReference; lastKnownFileType = wrapper.framework; name = UIKit.framework; path = System/Library/Frameworks/UIKit.framework; sourceTree = SDKROOT; };
		3FA980A11929719000795CB9 /* TOTIP-Info.plist */ = {isa = PBXFileReference; lastKnownFileType = text.plist.xml; path = "TOTIP-Info.plist"; sourceTree = "<group>"; };
		3FA980A31929719000795CB9 /* en */ = {isa = PBXFileReference; lastKnownFileType = text.plist.strings; name = en; path = en.lproj/InfoPlist.strings; sourceTree = "<group>"; };
		3FA980A51929719000795CB9 /* main.m */ = {isa = PBXFileReference; lastKnownFileType = sourcecode.c.objc; path = main.m; sourceTree = "<group>"; };
		3FA980A71929719000795CB9 /* TOTIP-Prefix.pch */ = {isa = PBXFileReference; lastKnownFileType = sourcecode.c.h; path = "TOTIP-Prefix.pch"; sourceTree = "<group>"; };
		3FA980A81929719000795CB9 /* TOTIPAppDelegate.h */ = {isa = PBXFileReference; lastKnownFileType = sourcecode.c.h; path = TOTIPAppDelegate.h; sourceTree = "<group>"; };
		3FA980A91929719000795CB9 /* TOTIPAppDelegate.m */ = {isa = PBXFileReference; lastKnownFileType = sourcecode.c.objc; path = TOTIPAppDelegate.m; sourceTree = "<group>"; };
		3FA980AB1929719000795CB9 /* Images.xcassets */ = {isa = PBXFileReference; lastKnownFileType = folder.assetcatalog; path = Images.xcassets; sourceTree = "<group>"; };
		3FA980B21929719000795CB9 /* XCTest.framework */ = {isa = PBXFileReference; lastKnownFileType = wrapper.framework; name = XCTest.framework; path = Library/Frameworks/XCTest.framework; sourceTree = DEVELOPER_DIR; };
		3FA980CA192973F100795CB9 /* AFHTTPRequestOperation.h */ = {isa = PBXFileReference; fileEncoding = 4; lastKnownFileType = sourcecode.c.h; path = AFHTTPRequestOperation.h; sourceTree = "<group>"; };
		3FA980CB192973F100795CB9 /* AFHTTPRequestOperation.m */ = {isa = PBXFileReference; fileEncoding = 4; lastKnownFileType = sourcecode.c.objc; path = AFHTTPRequestOperation.m; sourceTree = "<group>"; };
		3FA980CC192973F100795CB9 /* AFHTTPRequestOperationManager.h */ = {isa = PBXFileReference; fileEncoding = 4; lastKnownFileType = sourcecode.c.h; path = AFHTTPRequestOperationManager.h; sourceTree = "<group>"; };
		3FA980CD192973F100795CB9 /* AFHTTPRequestOperationManager.m */ = {isa = PBXFileReference; fileEncoding = 4; lastKnownFileType = sourcecode.c.objc; path = AFHTTPRequestOperationManager.m; sourceTree = "<group>"; };
		3FA980CE192973F100795CB9 /* AFHTTPSessionManager.h */ = {isa = PBXFileReference; fileEncoding = 4; lastKnownFileType = sourcecode.c.h; path = AFHTTPSessionManager.h; sourceTree = "<group>"; };
		3FA980CF192973F100795CB9 /* AFHTTPSessionManager.m */ = {isa = PBXFileReference; fileEncoding = 4; lastKnownFileType = sourcecode.c.objc; path = AFHTTPSessionManager.m; sourceTree = "<group>"; };
		3FA980D0192973F100795CB9 /* AFNetworking.h */ = {isa = PBXFileReference; fileEncoding = 4; lastKnownFileType = sourcecode.c.h; path = AFNetworking.h; sourceTree = "<group>"; };
		3FA980D1192973F100795CB9 /* AFNetworkReachabilityManager.h */ = {isa = PBXFileReference; fileEncoding = 4; lastKnownFileType = sourcecode.c.h; path = AFNetworkReachabilityManager.h; sourceTree = "<group>"; };
		3FA980D2192973F100795CB9 /* AFNetworkReachabilityManager.m */ = {isa = PBXFileReference; fileEncoding = 4; lastKnownFileType = sourcecode.c.objc; path = AFNetworkReachabilityManager.m; sourceTree = "<group>"; };
		3FA980D3192973F100795CB9 /* AFSecurityPolicy.h */ = {isa = PBXFileReference; fileEncoding = 4; lastKnownFileType = sourcecode.c.h; path = AFSecurityPolicy.h; sourceTree = "<group>"; };
		3FA980D4192973F100795CB9 /* AFSecurityPolicy.m */ = {isa = PBXFileReference; fileEncoding = 4; lastKnownFileType = sourcecode.c.objc; path = AFSecurityPolicy.m; sourceTree = "<group>"; };
		3FA980D5192973F100795CB9 /* AFURLConnectionOperation.h */ = {isa = PBXFileReference; fileEncoding = 4; lastKnownFileType = sourcecode.c.h; path = AFURLConnectionOperation.h; sourceTree = "<group>"; };
		3FA980D6192973F100795CB9 /* AFURLConnectionOperation.m */ = {isa = PBXFileReference; fileEncoding = 4; lastKnownFileType = sourcecode.c.objc; path = AFURLConnectionOperation.m; sourceTree = "<group>"; };
		3FA980D7192973F100795CB9 /* AFURLRequestSerialization.h */ = {isa = PBXFileReference; fileEncoding = 4; lastKnownFileType = sourcecode.c.h; path = AFURLRequestSerialization.h; sourceTree = "<group>"; };
		3FA980D8192973F100795CB9 /* AFURLRequestSerialization.m */ = {isa = PBXFileReference; fileEncoding = 4; lastKnownFileType = sourcecode.c.objc; path = AFURLRequestSerialization.m; sourceTree = "<group>"; };
		3FA980D9192973F100795CB9 /* AFURLResponseSerialization.h */ = {isa = PBXFileReference; fileEncoding = 4; lastKnownFileType = sourcecode.c.h; path = AFURLResponseSerialization.h; sourceTree = "<group>"; };
		3FA980DA192973F100795CB9 /* AFURLResponseSerialization.m */ = {isa = PBXFileReference; fileEncoding = 4; lastKnownFileType = sourcecode.c.objc; path = AFURLResponseSerialization.m; sourceTree = "<group>"; };
		3FA980DB192973F100795CB9 /* AFURLSessionManager.h */ = {isa = PBXFileReference; fileEncoding = 4; lastKnownFileType = sourcecode.c.h; path = AFURLSessionManager.h; sourceTree = "<group>"; };
		3FA980DC192973F100795CB9 /* AFURLSessionManager.m */ = {isa = PBXFileReference; fileEncoding = 4; lastKnownFileType = sourcecode.c.objc; path = AFURLSessionManager.m; sourceTree = "<group>"; };
		3FA980DE192973F100795CB9 /* AFNetworkActivityIndicatorManager.h */ = {isa = PBXFileReference; fileEncoding = 4; lastKnownFileType = sourcecode.c.h; path = AFNetworkActivityIndicatorManager.h; sourceTree = "<group>"; };
		3FA980DF192973F100795CB9 /* AFNetworkActivityIndicatorManager.m */ = {isa = PBXFileReference; fileEncoding = 4; lastKnownFileType = sourcecode.c.objc; path = AFNetworkActivityIndicatorManager.m; sourceTree = "<group>"; };
		3FA980E0192973F100795CB9 /* UIActivityIndicatorView+AFNetworking.h */ = {isa = PBXFileReference; fileEncoding = 4; lastKnownFileType = sourcecode.c.h; path = "UIActivityIndicatorView+AFNetworking.h"; sourceTree = "<group>"; };
		3FA980E1192973F100795CB9 /* UIActivityIndicatorView+AFNetworking.m */ = {isa = PBXFileReference; fileEncoding = 4; lastKnownFileType = sourcecode.c.objc; path = "UIActivityIndicatorView+AFNetworking.m"; sourceTree = "<group>"; };
		3FA980E2192973F100795CB9 /* UIAlertView+AFNetworking.h */ = {isa = PBXFileReference; fileEncoding = 4; lastKnownFileType = sourcecode.c.h; path = "UIAlertView+AFNetworking.h"; sourceTree = "<group>"; };
		3FA980E3192973F100795CB9 /* UIAlertView+AFNetworking.m */ = {isa = PBXFileReference; fileEncoding = 4; lastKnownFileType = sourcecode.c.objc; path = "UIAlertView+AFNetworking.m"; sourceTree = "<group>"; };
		3FA980E4192973F100795CB9 /* UIButton+AFNetworking.h */ = {isa = PBXFileReference; fileEncoding = 4; lastKnownFileType = sourcecode.c.h; path = "UIButton+AFNetworking.h"; sourceTree = "<group>"; };
		3FA980E5192973F100795CB9 /* UIButton+AFNetworking.m */ = {isa = PBXFileReference; fileEncoding = 4; lastKnownFileType = sourcecode.c.objc; path = "UIButton+AFNetworking.m"; sourceTree = "<group>"; };
		3FA980E6192973F100795CB9 /* UIImageView+AFNetworking.h */ = {isa = PBXFileReference; fileEncoding = 4; lastKnownFileType = sourcecode.c.h; path = "UIImageView+AFNetworking.h"; sourceTree = "<group>"; };
		3FA980E7192973F100795CB9 /* UIImageView+AFNetworking.m */ = {isa = PBXFileReference; fileEncoding = 4; lastKnownFileType = sourcecode.c.objc; path = "UIImageView+AFNetworking.m"; sourceTree = "<group>"; };
		3FA980E8192973F100795CB9 /* UIKit+AFNetworking.h */ = {isa = PBXFileReference; fileEncoding = 4; lastKnownFileType = sourcecode.c.h; path = "UIKit+AFNetworking.h"; sourceTree = "<group>"; };
		3FA980E9192973F100795CB9 /* UIProgressView+AFNetworking.h */ = {isa = PBXFileReference; fileEncoding = 4; lastKnownFileType = sourcecode.c.h; path = "UIProgressView+AFNetworking.h"; sourceTree = "<group>"; };
		3FA980EA192973F100795CB9 /* UIProgressView+AFNetworking.m */ = {isa = PBXFileReference; fileEncoding = 4; lastKnownFileType = sourcecode.c.objc; path = "UIProgressView+AFNetworking.m"; sourceTree = "<group>"; };
		3FA980EB192973F100795CB9 /* UIRefreshControl+AFNetworking.h */ = {isa = PBXFileReference; fileEncoding = 4; lastKnownFileType = sourcecode.c.h; path = "UIRefreshControl+AFNetworking.h"; sourceTree = "<group>"; };
		3FA980EC192973F100795CB9 /* UIRefreshControl+AFNetworking.m */ = {isa = PBXFileReference; fileEncoding = 4; lastKnownFileType = sourcecode.c.objc; path = "UIRefreshControl+AFNetworking.m"; sourceTree = "<group>"; };
		3FA980ED192973F100795CB9 /* UIWebView+AFNetworking.h */ = {isa = PBXFileReference; fileEncoding = 4; lastKnownFileType = sourcecode.c.h; path = "UIWebView+AFNetworking.h"; sourceTree = "<group>"; };
		3FA980EE192973F100795CB9 /* UIWebView+AFNetworking.m */ = {isa = PBXFileReference; fileEncoding = 4; lastKnownFileType = sourcecode.c.objc; path = "UIWebView+AFNetworking.m"; sourceTree = "<group>"; };
		3FA981001929744F00795CB9 /* MobileCoreServices.framework */ = {isa = PBXFileReference; lastKnownFileType = wrapper.framework; name = MobileCoreServices.framework; path = System/Library/Frameworks/MobileCoreServices.framework; sourceTree = SDKROOT; };
		3FA981021929745400795CB9 /* Security.framework */ = {isa = PBXFileReference; lastKnownFileType = wrapper.framework; name = Security.framework; path = System/Library/Frameworks/Security.framework; sourceTree = SDKROOT; };
		3FA981041929745900795CB9 /* SystemConfiguration.framework */ = {isa = PBXFileReference; lastKnownFileType = wrapper.framework; name = SystemConfiguration.framework; path = System/Library/Frameworks/SystemConfiguration.framework; sourceTree = SDKROOT; };
		3FA981061929749C00795CB9 /* libxml2.dylib */ = {isa = PBXFileReference; lastKnownFileType = "compiled.mach-o.dylib"; name = libxml2.dylib; path = usr/lib/libxml2.dylib; sourceTree = SDKROOT; };
		3FA981121929756E00795CB9 /* TOTIPQuery.h */ = {isa = PBXFileReference; fileEncoding = 4; lastKnownFileType = sourcecode.c.h; path = TOTIPQuery.h; sourceTree = "<group>"; };
		3FA981131929756E00795CB9 /* TOTIPQuery.m */ = {isa = PBXFileReference; fileEncoding = 4; lastKnownFileType = sourcecode.c.objc; path = TOTIPQuery.m; sourceTree = "<group>"; };
		3FA9811B192989F500795CB9 /* TOTIPJSONMappedObject.h */ = {isa = PBXFileReference; fileEncoding = 4; lastKnownFileType = sourcecode.c.h; path = TOTIPJSONMappedObject.h; sourceTree = "<group>"; };
		3FA9811C192989F500795CB9 /* TOTIPJSONMappedObject.m */ = {isa = PBXFileReference; fileEncoding = 4; lastKnownFileType = sourcecode.c.objc; path = TOTIPJSONMappedObject.m; sourceTree = "<group>"; };
		3FA9811E19298AF900795CB9 /* TOTIPCountry.h */ = {isa = PBXFileReference; fileEncoding = 4; lastKnownFileType = sourcecode.c.h; path = TOTIPCountry.h; sourceTree = "<group>"; };
		3FA9811F19298AF900795CB9 /* TOTIPCountry.m */ = {isa = PBXFileReference; fileEncoding = 4; lastKnownFileType = sourcecode.c.objc; path = TOTIPCountry.m; sourceTree = "<group>"; };
		3FA9812119298D7100795CB9 /* TOTIPMediaType.h */ = {isa = PBXFileReference; fileEncoding = 4; lastKnownFileType = sourcecode.c.h; path = TOTIPMediaType.h; sourceTree = "<group>"; };
		3FA9812219298D7100795CB9 /* TOTIPMediaType.m */ = {isa = PBXFileReference; fileEncoding = 4; lastKnownFileType = sourcecode.c.objc; path = TOTIPMediaType.m; sourceTree = "<group>"; };
		3FA981241929CB5700795CB9 /* libxml2.2.dylib */ = {isa = PBXFileReference; lastKnownFileType = "compiled.mach-o.dylib"; name = libxml2.2.dylib; path = usr/lib/libxml2.2.dylib; sourceTree = SDKROOT; };
		3FA981271929CFE900795CB9 /* TOTIPEntry.h */ = {isa = PBXFileReference; fileEncoding = 4; lastKnownFileType = sourcecode.c.h; path = TOTIPEntry.h; sourceTree = "<group>"; };
		3FA981281929CFE900795CB9 /* TOTIPEntry.m */ = {isa = PBXFileReference; fileEncoding = 4; lastKnownFileType = sourcecode.c.objc; path = TOTIPEntry.m; sourceTree = "<group>"; };
		3FDA00B4192AF91A0009D882 /* TOTIPOptionsViewController.h */ = {isa = PBXFileReference; fileEncoding = 4; lastKnownFileType = sourcecode.c.h; path = TOTIPOptionsViewController.h; sourceTree = "<group>"; };
		3FDA00B5192AF91A0009D882 /* TOTIPOptionsViewController.m */ = {isa = PBXFileReference; fileEncoding = 4; lastKnownFileType = sourcecode.c.objc; path = TOTIPOptionsViewController.m; sourceTree = "<group>"; };
		3FDA00B7192AFEC00009D882 /* TOTIPQueryBuilderViewController.h */ = {isa = PBXFileReference; fileEncoding = 4; lastKnownFileType = sourcecode.c.h; path = TOTIPQueryBuilderViewController.h; sourceTree = "<group>"; };
		3FDA00B8192AFEC00009D882 /* TOTIPQueryBuilderViewController.m */ = {isa = PBXFileReference; fileEncoding = 4; lastKnownFileType = sourcecode.c.objc; path = TOTIPQueryBuilderViewController.m; sourceTree = "<group>"; };
		3FDA00BA192B0D860009D882 /* TOTIPOptionsSummaryViewController.h */ = {isa = PBXFileReference; fileEncoding = 4; lastKnownFileType = sourcecode.c.h; path = TOTIPOptionsSummaryViewController.h; sourceTree = "<group>"; };
		3FDA00BB192B0D860009D882 /* TOTIPOptionsSummaryViewController.m */ = {isa = PBXFileReference; fileEncoding = 4; lastKnownFileType = sourcecode.c.objc; path = TOTIPOptionsSummaryViewController.m; sourceTree = "<group>"; };
		3FDA00BE192B1C100009D882 /* TOTIPListViewController.h */ = {isa = PBXFileReference; fileEncoding = 4; lastKnownFileType = sourcecode.c.h; path = TOTIPListViewController.h; sourceTree = "<group>"; };
		3FDA00BF192B1C100009D882 /* TOTIPListViewController.m */ = {isa = PBXFileReference; fileEncoding = 4; lastKnownFileType = sourcecode.c.objc; path = TOTIPListViewController.m; sourceTree = "<group>"; };
/* End PBXFileReference section */

/* Begin PBXFrameworksBuildPhase section */
		3FA980931929719000795CB9 /* Frameworks */ = {
			isa = PBXFrameworksBuildPhase;
			buildActionMask = 2147483647;
			files = (
				3FA981261929CB8400795CB9 /* libxml2.dylib in Frameworks */,
				3FA981051929745900795CB9 /* SystemConfiguration.framework in Frameworks */,
				3FA981031929745400795CB9 /* Security.framework in Frameworks */,
				3FA981011929744F00795CB9 /* MobileCoreServices.framework in Frameworks */,
				3FA9809C1929719000795CB9 /* CoreGraphics.framework in Frameworks */,
				3FA9809E1929719000795CB9 /* UIKit.framework in Frameworks */,
				3FA9809A1929719000795CB9 /* Foundation.framework in Frameworks */,
			);
			runOnlyForDeploymentPostprocessing = 0;
		};
/* End PBXFrameworksBuildPhase section */

/* Begin PBXGroup section */
		3F3F4111192AB00D0028449E /* Query Builder */ = {
			isa = PBXGroup;
			children = (
				3FDA00B4192AF91A0009D882 /* TOTIPOptionsViewController.h */,
				3FDA00B5192AF91A0009D882 /* TOTIPOptionsViewController.m */,
				3FDA00BA192B0D860009D882 /* TOTIPOptionsSummaryViewController.h */,
				3FDA00BB192B0D860009D882 /* TOTIPOptionsSummaryViewController.m */,
				3FDA00B7192AFEC00009D882 /* TOTIPQueryBuilderViewController.h */,
				3FDA00B8192AFEC00009D882 /* TOTIPQueryBuilderViewController.m */,
			);
			path = "Query Builder";
			sourceTree = "<group>";
		};
		3FA9808D1929719000795CB9 = {
			isa = PBXGroup;
			children = (
				3FDA00BD192B1BD80009D882 /* Entries List */,
				3F3F4111192AB00D0028449E /* Query Builder */,
				3FA981111929754D00795CB9 /* Classes */,
				3FA9809F1929719000795CB9 /* TOTIP */,
				3FA980C8192973D000795CB9 /* Vendor */,
				3FA980981929719000795CB9 /* Frameworks */,
				3FA980971929719000795CB9 /* Products */,
			);
			sourceTree = "<group>";
		};
		3FA980971929719000795CB9 /* Products */ = {
			isa = PBXGroup;
			children = (
				3FA980961929719000795CB9 /* TOTIP.app */,
			);
			name = Products;
			sourceTree = "<group>";
		};
		3FA980981929719000795CB9 /* Frameworks */ = {
			isa = PBXGroup;
			children = (
				3FA981241929CB5700795CB9 /* libxml2.2.dylib */,
				3FA981061929749C00795CB9 /* libxml2.dylib */,
				3FA981041929745900795CB9 /* SystemConfiguration.framework */,
				3FA981021929745400795CB9 /* Security.framework */,
				3FA981001929744F00795CB9 /* MobileCoreServices.framework */,
				3FA980991929719000795CB9 /* Foundation.framework */,
				3FA9809B1929719000795CB9 /* CoreGraphics.framework */,
				3FA9809D1929719000795CB9 /* UIKit.framework */,
				3FA980B21929719000795CB9 /* XCTest.framework */,
			);
			name = Frameworks;
			sourceTree = "<group>";
		};
		3FA9809F1929719000795CB9 /* TOTIP */ = {
			isa = PBXGroup;
			children = (
				3FA980A81929719000795CB9 /* TOTIPAppDelegate.h */,
				3FA980A91929719000795CB9 /* TOTIPAppDelegate.m */,
				3FA980AB1929719000795CB9 /* Images.xcassets */,
				3FA980A01929719000795CB9 /* Supporting Files */,
			);
			path = TOTIP;
			sourceTree = "<group>";
		};
		3FA980A01929719000795CB9 /* Supporting Files */ = {
			isa = PBXGroup;
			children = (
				3FA980A11929719000795CB9 /* TOTIP-Info.plist */,
				3FA980A21929719000795CB9 /* InfoPlist.strings */,
				3FA980A51929719000795CB9 /* main.m */,
				3FA980A71929719000795CB9 /* TOTIP-Prefix.pch */,
			);
			name = "Supporting Files";
			sourceTree = "<group>";
		};
		3FA980C8192973D000795CB9 /* Vendor */ = {
			isa = PBXGroup;
			children = (
				3FA980C9192973F100795CB9 /* AFNetworking */,
				3FA980DD192973F100795CB9 /* UIKit+AFNetworking */,
			);
			path = Vendor;
			sourceTree = "<group>";
		};
		3FA980C9192973F100795CB9 /* AFNetworking */ = {
			isa = PBXGroup;
			children = (
				3FA980CA192973F100795CB9 /* AFHTTPRequestOperation.h */,
				3FA980CB192973F100795CB9 /* AFHTTPRequestOperation.m */,
				3FA980CC192973F100795CB9 /* AFHTTPRequestOperationManager.h */,
				3FA980CD192973F100795CB9 /* AFHTTPRequestOperationManager.m */,
				3FA980CE192973F100795CB9 /* AFHTTPSessionManager.h */,
				3FA980CF192973F100795CB9 /* AFHTTPSessionManager.m */,
				3FA980D0192973F100795CB9 /* AFNetworking.h */,
				3FA980D1192973F100795CB9 /* AFNetworkReachabilityManager.h */,
				3FA980D2192973F100795CB9 /* AFNetworkReachabilityManager.m */,
				3FA980D3192973F100795CB9 /* AFSecurityPolicy.h */,
				3FA980D4192973F100795CB9 /* AFSecurityPolicy.m */,
				3FA980D5192973F100795CB9 /* AFURLConnectionOperation.h */,
				3FA980D6192973F100795CB9 /* AFURLConnectionOperation.m */,
				3FA980D7192973F100795CB9 /* AFURLRequestSerialization.h */,
				3FA980D8192973F100795CB9 /* AFURLRequestSerialization.m */,
				3FA980D9192973F100795CB9 /* AFURLResponseSerialization.h */,
				3FA980DA192973F100795CB9 /* AFURLResponseSerialization.m */,
				3FA980DB192973F100795CB9 /* AFURLSessionManager.h */,
				3FA980DC192973F100795CB9 /* AFURLSessionManager.m */,
			);
			name = AFNetworking;
			path = AFNetworking/AFNetworking;
			sourceTree = "<group>";
		};
		3FA980DD192973F100795CB9 /* UIKit+AFNetworking */ = {
			isa = PBXGroup;
			children = (
				3FA980DE192973F100795CB9 /* AFNetworkActivityIndicatorManager.h */,
				3FA980DF192973F100795CB9 /* AFNetworkActivityIndicatorManager.m */,
				3FA980E0192973F100795CB9 /* UIActivityIndicatorView+AFNetworking.h */,
				3FA980E1192973F100795CB9 /* UIActivityIndicatorView+AFNetworking.m */,
				3FA980E2192973F100795CB9 /* UIAlertView+AFNetworking.h */,
				3FA980E3192973F100795CB9 /* UIAlertView+AFNetworking.m */,
				3FA980E4192973F100795CB9 /* UIButton+AFNetworking.h */,
				3FA980E5192973F100795CB9 /* UIButton+AFNetworking.m */,
				3FA980E6192973F100795CB9 /* UIImageView+AFNetworking.h */,
				3FA980E7192973F100795CB9 /* UIImageView+AFNetworking.m */,
				3FA980E8192973F100795CB9 /* UIKit+AFNetworking.h */,
				3FA980E9192973F100795CB9 /* UIProgressView+AFNetworking.h */,
				3FA980EA192973F100795CB9 /* UIProgressView+AFNetworking.m */,
				3FA980EB192973F100795CB9 /* UIRefreshControl+AFNetworking.h */,
				3FA980EC192973F100795CB9 /* UIRefreshControl+AFNetworking.m */,
				3FA980ED192973F100795CB9 /* UIWebView+AFNetworking.h */,
				3FA980EE192973F100795CB9 /* UIWebView+AFNetworking.m */,
			);
			name = "UIKit+AFNetworking";
			path = "AFNetworking/UIKit+AFNetworking";
			sourceTree = "<group>";
		};
		3FA981111929754D00795CB9 /* Classes */ = {
			isa = PBXGroup;
			children = (
				3FA981121929756E00795CB9 /* TOTIPQuery.h */,
				3FA981131929756E00795CB9 /* TOTIPQuery.m */,
				3FA981271929CFE900795CB9 /* TOTIPEntry.h */,
				3FA981281929CFE900795CB9 /* TOTIPEntry.m */,
				3FA9811E19298AF900795CB9 /* TOTIPCountry.h */,
				3FA9811F19298AF900795CB9 /* TOTIPCountry.m */,
				3FA9812119298D7100795CB9 /* TOTIPMediaType.h */,
				3FA9812219298D7100795CB9 /* TOTIPMediaType.m */,
				3FA9811B192989F500795CB9 /* TOTIPJSONMappedObject.h */,
				3FA9811C192989F500795CB9 /* TOTIPJSONMappedObject.m */,
			);
			path = Classes;
			sourceTree = "<group>";
		};
		3FDA00BD192B1BD80009D882 /* Entries List */ = {
			isa = PBXGroup;
			children = (
				3FDA00BE192B1C100009D882 /* TOTIPListViewController.h */,
				3FDA00BF192B1C100009D882 /* TOTIPListViewController.m */,
			);
			path = "Entries List";
			sourceTree = "<group>";
		};
/* End PBXGroup section */

/* Begin PBXNativeTarget section */
		3FA980951929719000795CB9 /* TOTIP */ = {
			isa = PBXNativeTarget;
			buildConfigurationList = 3FA980C21929719000795CB9 /* Build configuration list for PBXNativeTarget "TOTIP" */;
			buildPhases = (
				3FA980921929719000795CB9 /* Sources */,
				3FA980931929719000795CB9 /* Frameworks */,
				3FA980941929719000795CB9 /* Resources */,
			);
			buildRules = (
			);
			dependencies = (
			);
			name = TOTIP;
			productName = TOTIP;
			productReference = 3FA980961929719000795CB9 /* TOTIP.app */;
			productType = "com.apple.product-type.application";
		};
/* End PBXNativeTarget section */

/* Begin PBXProject section */
		3FA9808E1929719000795CB9 /* Project object */ = {
			isa = PBXProject;
			attributes = {
				CLASSPREFIX = TOTIP;
				LastUpgradeCheck = 0510;
				ORGANIZATIONNAME = LazyLabs;
			};
			buildConfigurationList = 3FA980911929719000795CB9 /* Build configuration list for PBXProject "TOTIP" */;
			compatibilityVersion = "Xcode 3.2";
			developmentRegion = English;
			hasScannedForEncodings = 0;
			knownRegions = (
				en,
			);
			mainGroup = 3FA9808D1929719000795CB9;
			productRefGroup = 3FA980971929719000795CB9 /* Products */;
			projectDirPath = "";
			projectRoot = "";
			targets = (
				3FA980951929719000795CB9 /* TOTIP */,
			);
		};
/* End PBXProject section */

/* Begin PBXResourcesBuildPhase section */
		3FA980941929719000795CB9 /* Resources */ = {
			isa = PBXResourcesBuildPhase;
			buildActionMask = 2147483647;
			files = (
				3FA980A41929719000795CB9 /* InfoPlist.strings in Resources */,
				3FA980AC1929719000795CB9 /* Images.xcassets in Resources */,
			);
			runOnlyForDeploymentPostprocessing = 0;
		};
/* End PBXResourcesBuildPhase section */

/* Begin PBXSourcesBuildPhase section */
		3FA980921929719000795CB9 /* Sources */ = {
			isa = PBXSourcesBuildPhase;
			buildActionMask = 2147483647;
			files = (
				3FA980F5192973F100795CB9 /* AFURLRequestSerialization.m in Sources */,
				3FA980F4192973F100795CB9 /* AFURLConnectionOperation.m in Sources */,
				3FA980FA192973F100795CB9 /* UIAlertView+AFNetworking.m in Sources */,
				3FA980F3192973F100795CB9 /* AFSecurityPolicy.m in Sources */,
				3FDA00B6192AF91A0009D882 /* TOTIPOptionsViewController.m in Sources */,
				3FA981141929756E00795CB9 /* TOTIPQuery.m in Sources */,
				3FDA00B9192AFEC00009D882 /* TOTIPQueryBuilderViewController.m in Sources */,
				3FA9812319298D7100795CB9 /* TOTIPMediaType.m in Sources */,
				3FA980EF192973F100795CB9 /* AFHTTPRequestOperation.m in Sources */,
				3FA980F7192973F100795CB9 /* AFURLSessionManager.m in Sources */,
				3FA980F6192973F100795CB9 /* AFURLResponseSerialization.m in Sources */,
				3FA980AA1929719000795CB9 /* TOTIPAppDelegate.m in Sources */,
				3FA980FD192973F100795CB9 /* UIProgressView+AFNetworking.m in Sources */,
				3FA980F1192973F100795CB9 /* AFHTTPSessionManager.m in Sources */,
				3FA980F8192973F100795CB9 /* AFNetworkActivityIndicatorManager.m in Sources */,
				3FDA00C0192B1C100009D882 /* TOTIPListViewController.m in Sources */,
				3FDA00BC192B0D860009D882 /* TOTIPOptionsSummaryViewController.m in Sources */,
				3FA980F0192973F100795CB9 /* AFHTTPRequestOperationManager.m in Sources */,
				3FA980FC192973F100795CB9 /* UIImageView+AFNetworking.m in Sources */,
				3FA980FB192973F100795CB9 /* UIButton+AFNetworking.m in Sources */,
				3FA980FE192973F100795CB9 /* UIRefreshControl+AFNetworking.m in Sources */,
				3FA980FF192973F100795CB9 /* UIWebView+AFNetworking.m in Sources */,
				3FA9811D192989F500795CB9 /* TOTIPJSONMappedObject.m in Sources */,
				3FA981291929CFE900795CB9 /* TOTIPEntry.m in Sources */,
				3FA980F2192973F100795CB9 /* AFNetworkReachabilityManager.m in Sources */,
				3FA980A61929719000795CB9 /* main.m in Sources */,
				3FA9812019298AF900795CB9 /* TOTIPCountry.m in Sources */,
				3FA980F9192973F100795CB9 /* UIActivityIndicatorView+AFNetworking.m in Sources */,
			);
			runOnlyForDeploymentPostprocessing = 0;
		};
/* End PBXSourcesBuildPhase section */

/* Begin PBXVariantGroup section */
		3FA980A21929719000795CB9 /* InfoPlist.strings */ = {
			isa = PBXVariantGroup;
			children = (
				3FA980A31929719000795CB9 /* en */,
			);
			name = InfoPlist.strings;
			sourceTree = "<group>";
		};
/* End PBXVariantGroup section */

/* Begin XCBuildConfiguration section */
		3FA980C01929719000795CB9 /* Debug */ = {
			isa = XCBuildConfiguration;
			buildSettings = {
				ALWAYS_SEARCH_USER_PATHS = NO;
				CLANG_CXX_LANGUAGE_STANDARD = "gnu++0x";
				CLANG_CXX_LIBRARY = "libc++";
				CLANG_ENABLE_MODULES = YES;
				CLANG_ENABLE_OBJC_ARC = YES;
				CLANG_WARN_BOOL_CONVERSION = YES;
				CLANG_WARN_CONSTANT_CONVERSION = YES;
				CLANG_WARN_DIRECT_OBJC_ISA_USAGE = YES_ERROR;
				CLANG_WARN_EMPTY_BODY = YES;
				CLANG_WARN_ENUM_CONVERSION = YES;
				CLANG_WARN_INT_CONVERSION = YES;
				CLANG_WARN_OBJC_ROOT_CLASS = YES_ERROR;
				CLANG_WARN__DUPLICATE_METHOD_MATCH = YES;
				"CODE_SIGN_IDENTITY[sdk=iphoneos*]" = "iPhone Developer";
				COPY_PHASE_STRIP = NO;
				GCC_C_LANGUAGE_STANDARD = gnu99;
				GCC_DYNAMIC_NO_PIC = NO;
				GCC_OPTIMIZATION_LEVEL = 0;
				GCC_PREPROCESSOR_DEFINITIONS = (
					"DEBUG=1",
					"$(inherited)",
				);
				GCC_SYMBOLS_PRIVATE_EXTERN = NO;
				GCC_WARN_64_TO_32_BIT_CONVERSION = YES;
				GCC_WARN_ABOUT_RETURN_TYPE = YES_ERROR;
				GCC_WARN_UNDECLARED_SELECTOR = YES;
				GCC_WARN_UNINITIALIZED_AUTOS = YES_AGGRESSIVE;
				GCC_WARN_UNUSED_FUNCTION = YES;
				GCC_WARN_UNUSED_VARIABLE = YES;
				IPHONEOS_DEPLOYMENT_TARGET = 7.1;
				ONLY_ACTIVE_ARCH = YES;
				SDKROOT = iphoneos;
			};
			name = Debug;
		};
		3FA980C11929719000795CB9 /* Release */ = {
			isa = XCBuildConfiguration;
			buildSettings = {
				ALWAYS_SEARCH_USER_PATHS = NO;
				CLANG_CXX_LANGUAGE_STANDARD = "gnu++0x";
				CLANG_CXX_LIBRARY = "libc++";
				CLANG_ENABLE_MODULES = YES;
				CLANG_ENABLE_OBJC_ARC = YES;
				CLANG_WARN_BOOL_CONVERSION = YES;
				CLANG_WARN_CONSTANT_CONVERSION = YES;
				CLANG_WARN_DIRECT_OBJC_ISA_USAGE = YES_ERROR;
				CLANG_WARN_EMPTY_BODY = YES;
				CLANG_WARN_ENUM_CONVERSION = YES;
				CLANG_WARN_INT_CONVERSION = YES;
				CLANG_WARN_OBJC_ROOT_CLASS = YES_ERROR;
				CLANG_WARN__DUPLICATE_METHOD_MATCH = YES;
				"CODE_SIGN_IDENTITY[sdk=iphoneos*]" = "iPhone Developer";
				COPY_PHASE_STRIP = YES;
				ENABLE_NS_ASSERTIONS = NO;
				GCC_C_LANGUAGE_STANDARD = gnu99;
				GCC_WARN_64_TO_32_BIT_CONVERSION = YES;
				GCC_WARN_ABOUT_RETURN_TYPE = YES_ERROR;
				GCC_WARN_UNDECLARED_SELECTOR = YES;
				GCC_WARN_UNINITIALIZED_AUTOS = YES_AGGRESSIVE;
				GCC_WARN_UNUSED_FUNCTION = YES;
				GCC_WARN_UNUSED_VARIABLE = YES;
				IPHONEOS_DEPLOYMENT_TARGET = 7.1;
				SDKROOT = iphoneos;
				VALIDATE_PRODUCT = YES;
			};
			name = Release;
		};
		3FA980C31929719000795CB9 /* Debug */ = {
			isa = XCBuildConfiguration;
			buildSettings = {
				ASSETCATALOG_COMPILER_APPICON_NAME = AppIcon;
				ASSETCATALOG_COMPILER_LAUNCHIMAGE_NAME = LaunchImage;
				GCC_PRECOMPILE_PREFIX_HEADER = YES;
				GCC_PREFIX_HEADER = "TOTIP/TOTIP-Prefix.pch";
				HEADER_SEARCH_PATHS = (
					"$(inherited)",
					/Applications/Xcode.app/Contents/Developer/Toolchains/XcodeDefault.xctoolchain/usr/include,
					/usr/include/libxml2,
				);
				INFOPLIST_FILE = "TOTIP/TOTIP-Info.plist";
				PRODUCT_NAME = "$(TARGET_NAME)";
				WRAPPER_EXTENSION = app;
			};
			name = Debug;
		};
		3FA980C41929719000795CB9 /* Release */ = {
			isa = XCBuildConfiguration;
			buildSettings = {
				ASSETCATALOG_COMPILER_APPICON_NAME = AppIcon;
				ASSETCATALOG_COMPILER_LAUNCHIMAGE_NAME = LaunchImage;
				GCC_PRECOMPILE_PREFIX_HEADER = YES;
				GCC_PREFIX_HEADER = "TOTIP/TOTIP-Prefix.pch";
				HEADER_SEARCH_PATHS = (
					"$(inherited)",
					/Applications/Xcode.app/Contents/Developer/Toolchains/XcodeDefault.xctoolchain/usr/include,
					/usr/include/libxml2,
				);
				INFOPLIST_FILE = "TOTIP/TOTIP-Info.plist";
				PRODUCT_NAME = "$(TARGET_NAME)";
				WRAPPER_EXTENSION = app;
			};
			name = Release;
		};
/* End XCBuildConfiguration section */

/* Begin XCConfigurationList section */
		3FA980911929719000795CB9 /* Build configuration list for PBXProject "TOTIP" */ = {
			isa = XCConfigurationList;
			buildConfigurations = (
				3FA980C01929719000795CB9 /* Debug */,
				3FA980C11929719000795CB9 /* Release */,
			);
			defaultConfigurationIsVisible = 0;
			defaultConfigurationName = Release;
		};
		3FA980C21929719000795CB9 /* Build configuration list for PBXNativeTarget "TOTIP" */ = {
			isa = XCConfigurationList;
			buildConfigurations = (
				3FA980C31929719000795CB9 /* Debug */,
				3FA980C41929719000795CB9 /* Release */,
			);
			defaultConfigurationIsVisible = 0;
			defaultConfigurationName = Release;
		};
/* End XCConfigurationList section */
	};
	rootObject = 3FA9808E1929719000795CB9 /* Project object */;
}
